// !$*UTF8*$!
{
	archiveVersion = 1;
	classes = {
	};
	objectVersion = 46;
	objects = {

/* Begin PBXBuildFile section */
		AE89C6D21A109E4F00F3DAE3 /* AppDelegate.swift in Sources */ = {isa = PBXBuildFile; fileRef = AE89C6D11A109E4F00F3DAE3 /* AppDelegate.swift */; };
		AE89C6D41A109E4F00F3DAE3 /* GameScene.sks in Resources */ = {isa = PBXBuildFile; fileRef = AE89C6D31A109E4F00F3DAE3 /* GameScene.sks */; };
		AE89C6D61A109E4F00F3DAE3 /* GameScene.swift in Sources */ = {isa = PBXBuildFile; fileRef = AE89C6D51A109E4F00F3DAE3 /* GameScene.swift */; };
		AE89C6D81A109E4F00F3DAE3 /* GameViewController.swift in Sources */ = {isa = PBXBuildFile; fileRef = AE89C6D71A109E4F00F3DAE3 /* GameViewController.swift */; };
		AE89C6DB1A109E4F00F3DAE3 /* Main.storyboard in Resources */ = {isa = PBXBuildFile; fileRef = AE89C6D91A109E4F00F3DAE3 /* Main.storyboard */; };
		AE89C6DD1A109E4F00F3DAE3 /* Images.xcassets in Resources */ = {isa = PBXBuildFile; fileRef = AE89C6DC1A109E4F00F3DAE3 /* Images.xcassets */; };
		AE89C6E01A109E4F00F3DAE3 /* LaunchScreen.xib in Resources */ = {isa = PBXBuildFile; fileRef = AE89C6DE1A109E4F00F3DAE3 /* LaunchScreen.xib */; };
		AE89C6EC1A109E4F00F3DAE3 /* GameDemoTests.swift in Sources */ = {isa = PBXBuildFile; fileRef = AE89C6EB1A109E4F00F3DAE3 /* GameDemoTests.swift */; };
		AE89C6F61A109F4D00F3DAE3 /* 0049.jpg in Resources */ = {isa = PBXBuildFile; fileRef = AE89C6F51A109F4D00F3DAE3 /* 0049.jpg */; };
		AE89C6F81A109FB400F3DAE3 /* target.png in Resources */ = {isa = PBXBuildFile; fileRef = AE89C6F71A109FB400F3DAE3 /* target.png */; };
/* End PBXBuildFile section */

/* Begin PBXContainerItemProxy section */
		AE89C6E61A109E4F00F3DAE3 /* PBXContainerItemProxy */ = {
			isa = PBXContainerItemProxy;
			containerPortal = AE89C6C41A109E4F00F3DAE3 /* Project object */;
			proxyType = 1;
			remoteGlobalIDString = AE89C6CB1A109E4F00F3DAE3;
			remoteInfo = GameDemo;
		};
/* End PBXContainerItemProxy section */

/* Begin PBXFileReference section */
		AE89C6CC1A109E4F00F3DAE3 /* GameDemo.app */ = {isa = PBXFileReference; explicitFileType = wrapper.application; includeInIndex = 0; path = GameDemo.app; sourceTree = BUILT_PRODUCTS_DIR; };
		AE89C6D01A109E4F00F3DAE3 /* Info.plist */ = {isa = PBXFileReference; lastKnownFileType = text.plist.xml; path = Info.plist; sourceTree = "<group>"; };
		AE89C6D11A109E4F00F3DAE3 /* AppDelegate.swift */ = {isa = PBXFileReference; lastKnownFileType = sourcecode.swift; path = AppDelegate.swift; sourceTree = "<group>"; };
		AE89C6D31A109E4F00F3DAE3 /* GameScene.sks */ = {isa = PBXFileReference; lastKnownFileType = file.sks; path = GameScene.sks; sourceTree = "<group>"; };
		AE89C6D51A109E4F00F3DAE3 /* GameScene.swift */ = {isa = PBXFileReference; lastKnownFileType = sourcecode.swift; path = GameScene.swift; sourceTree = "<group>"; };
		AE89C6D71A109E4F00F3DAE3 /* GameViewController.swift */ = {isa = PBXFileReference; lastKnownFileType = sourcecode.swift; path = GameViewController.swift; sourceTree = "<group>"; };
		AE89C6DA1A109E4F00F3DAE3 /* Base */ = {isa = PBXFileReference; lastKnownFileType = file.storyboard; name = Base; path = Base.lproj/Main.storyboard; sourceTree = "<group>"; };
		AE89C6DC1A109E4F00F3DAE3 /* Images.xcassets */ = {isa = PBXFileReference; lastKnownFileType = folder.assetcatalog; path = Images.xcassets; sourceTree = "<group>"; };
		AE89C6DF1A109E4F00F3DAE3 /* Base */ = {isa = PBXFileReference; lastKnownFileType = file.xib; name = Base; path = Base.lproj/LaunchScreen.xib; sourceTree = "<group>"; };
		AE89C6E51A109E4F00F3DAE3 /* GameDemoTests.xctest */ = {isa = PBXFileReference; explicitFileType = wrapper.cfbundle; includeInIndex = 0; path = GameDemoTests.xctest; sourceTree = BUILT_PRODUCTS_DIR; };
		AE89C6EA1A109E4F00F3DAE3 /* Info.plist */ = {isa = PBXFileReference; lastKnownFileType = text.plist.xml; path = Info.plist; sourceTree = "<group>"; };
		AE89C6EB1A109E4F00F3DAE3 /* GameDemoTests.swift */ = {isa = PBXFileReference; lastKnownFileType = sourcecode.swift; path = GameDemoTests.swift; sourceTree = "<group>"; };
		AE89C6F51A109F4D00F3DAE3 /* 0049.jpg */ = {isa = PBXFileReference; lastKnownFileType = image.jpeg; path = 0049.jpg; sourceTree = "<group>"; };
		AE89C6F71A109FB400F3DAE3 /* target.png */ = {isa = PBXFileReference; lastKnownFileType = image.png; path = target.png; sourceTree = "<group>"; };
/* End PBXFileReference section */

/* Begin PBXFrameworksBuildPhase section */
		AE89C6C91A109E4F00F3DAE3 /* Frameworks */ = {
			isa = PBXFrameworksBuildPhase;
			buildActionMask = 2147483647;
			files = (
			);
			runOnlyForDeploymentPostprocessing = 0;
		};
		AE89C6E21A109E4F00F3DAE3 /* Frameworks */ = {
			isa = PBXFrameworksBuildPhase;
			buildActionMask = 2147483647;
			files = (
			);
			runOnlyForDeploymentPostprocessing = 0;
		};
/* End PBXFrameworksBuildPhase section */

/* Begin PBXGroup section */
		AE89C6C31A109E4F00F3DAE3 = {
			isa = PBXGroup;
			children = (
				AE89C6CE1A109E4F00F3DAE3 /* GameDemo */,
				AE89C6E81A109E4F00F3DAE3 /* GameDemoTests */,
				AE89C6CD1A109E4F00F3DAE3 /* Products */,
			);
			sourceTree = "<group>";
		};
		AE89C6CD1A109E4F00F3DAE3 /* Products */ = {
			isa = PBXGroup;
			children = (
				AE89C6CC1A109E4F00F3DAE3 /* GameDemo.app */,
				AE89C6E51A109E4F00F3DAE3 /* GameDemoTests.xctest */,
			);
			name = Products;
			sourceTree = "<group>";
		};
		AE89C6CE1A109E4F00F3DAE3 /* GameDemo */ = {
			isa = PBXGroup;
			children = (
				AE89C6D11A109E4F00F3DAE3 /* AppDelegate.swift */,
				AE89C6D31A109E4F00F3DAE3 /* GameScene.sks */,
				AE89C6D51A109E4F00F3DAE3 /* GameScene.swift */,
				AE89C6D71A109E4F00F3DAE3 /* GameViewController.swift */,
				AE89C6F51A109F4D00F3DAE3 /* 0049.jpg */,
				AE89C6F71A109FB400F3DAE3 /* target.png */,
				AE89C6D91A109E4F00F3DAE3 /* Main.storyboard */,
				AE89C6DC1A109E4F00F3DAE3 /* Images.xcassets */,
				AE89C6DE1A109E4F00F3DAE3 /* LaunchScreen.xib */,
				AE89C6CF1A109E4F00F3DAE3 /* Supporting Files */,
			);
			path = GameDemo;
			sourceTree = "<group>";
		};
		AE89C6CF1A109E4F00F3DAE3 /* Supporting Files */ = {
			isa = PBXGroup;
			children = (
				AE89C6D01A109E4F00F3DAE3 /* Info.plist */,
			);
			name = "Supporting Files";
			sourceTree = "<group>";
		};
		AE89C6E81A109E4F00F3DAE3 /* GameDemoTests */ = {
			isa = PBXGroup;
			children = (
				AE89C6EB1A109E4F00F3DAE3 /* GameDemoTests.swift */,
				AE89C6E91A109E4F00F3DAE3 /* Supporting Files */,
			);
			path = GameDemoTests;
			sourceTree = "<group>";
		};
		AE89C6E91A109E4F00F3DAE3 /* Supporting Files */ = {
			isa = PBXGroup;
			children = (
				AE89C6EA1A109E4F00F3DAE3 /* Info.plist */,
			);
			name = "Supporting Files";
			sourceTree = "<group>";
		};
/* End PBXGroup section */

/* Begin PBXNativeTarget section */
		AE89C6CB1A109E4F00F3DAE3 /* GameDemo */ = {
			isa = PBXNativeTarget;
			buildConfigurationList = AE89C6EF1A109E4F00F3DAE3 /* Build configuration list for PBXNativeTarget "GameDemo" */;
			buildPhases = (
				AE89C6C81A109E4F00F3DAE3 /* Sources */,
				AE89C6C91A109E4F00F3DAE3 /* Frameworks */,
				AE89C6CA1A109E4F00F3DAE3 /* Resources */,
			);
			buildRules = (
			);
			dependencies = (
			);
			name = GameDemo;
			productName = GameDemo;
			productReference = AE89C6CC1A109E4F00F3DAE3 /* GameDemo.app */;
			productType = "com.apple.product-type.application";
		};
		AE89C6E41A109E4F00F3DAE3 /* GameDemoTests */ = {
			isa = PBXNativeTarget;
			buildConfigurationList = AE89C6F21A109E4F00F3DAE3 /* Build configuration list for PBXNativeTarget "GameDemoTests" */;
			buildPhases = (
				AE89C6E11A109E4F00F3DAE3 /* Sources */,
				AE89C6E21A109E4F00F3DAE3 /* Frameworks */,
				AE89C6E31A109E4F00F3DAE3 /* Resources */,
			);
			buildRules = (
			);
			dependencies = (
				AE89C6E71A109E4F00F3DAE3 /* PBXTargetDependency */,
			);
			name = GameDemoTests;
			productName = GameDemoTests;
			productReference = AE89C6E51A109E4F00F3DAE3 /* GameDemoTests.xctest */;
			productType = "com.apple.product-type.bundle.unit-test";
		};
/* End PBXNativeTarget section */

/* Begin PBXProject section */
		AE89C6C41A109E4F00F3DAE3 /* Project object */ = {
			isa = PBXProject;
			attributes = {
				LastUpgradeCheck = 0600;
				ORGANIZATIONNAME = "Sol-Sun";
				TargetAttributes = {
					AE89C6CB1A109E4F00F3DAE3 = {
						CreatedOnToolsVersion = 6.1;
					};
					AE89C6E41A109E4F00F3DAE3 = {
						CreatedOnToolsVersion = 6.1;
						TestTargetID = AE89C6CB1A109E4F00F3DAE3;
					};
				};
			};
			buildConfigurationList = AE89C6C71A109E4F00F3DAE3 /* Build configuration list for PBXProject "GameDemo" */;
			compatibilityVersion = "Xcode 3.2";
			developmentRegion = English;
			hasScannedForEncodings = 0;
			knownRegions = (
				en,
				Base,
			);
			mainGroup = AE89C6C31A109E4F00F3DAE3;
			productRefGroup = AE89C6CD1A109E4F00F3DAE3 /* Products */;
			projectDirPath = "";
			projectRoot = "";
			targets = (
				AE89C6CB1A109E4F00F3DAE3 /* GameDemo */,
				AE89C6E41A109E4F00F3DAE3 /* GameDemoTests */,
			);
		};
/* End PBXProject section */

/* Begin PBXResourcesBuildPhase section */
		AE89C6CA1A109E4F00F3DAE3 /* Resources */ = {
			isa = PBXResourcesBuildPhase;
			buildActionMask = 2147483647;
			files = (
				AE89C6E01A109E4F00F3DAE3 /* LaunchScreen.xib in Resources */,
				AE89C6DD1A109E4F00F3DAE3 /* Images.xcassets in Resources */,
				AE89C6F81A109FB400F3DAE3 /* target.png in Resources */,
				AE89C6F61A109F4D00F3DAE3 /* 0049.jpg in Resources */,
				AE89C6D41A109E4F00F3DAE3 /* GameScene.sks in Resources */,
				AE89C6DB1A109E4F00F3DAE3 /* Main.storyboard in Resources */,
			);
			runOnlyForDeploymentPostprocessing = 0;
		};
		AE89C6E31A109E4F00F3DAE3 /* Resources */ = {
			isa = PBXResourcesBuildPhase;
			buildActionMask = 2147483647;
			files = (
			);
			runOnlyForDeploymentPostprocessing = 0;
		};
/* End PBXResourcesBuildPhase section */

/* Begin PBXSourcesBuildPhase section */
		AE89C6C81A109E4F00F3DAE3 /* Sources */ = {
			isa = PBXSourcesBuildPhase;
			buildActionMask = 2147483647;
			files = (
				AE89C6D61A109E4F00F3DAE3 /* GameScene.swift in Sources */,
				AE89C6D81A109E4F00F3DAE3 /* GameViewController.swift in Sources */,
				AE89C6D21A109E4F00F3DAE3 /* AppDelegate.swift in Sources */,
			);
			runOnlyForDeploymentPostprocessing = 0;
		};
		AE89C6E11A109E4F00F3DAE3 /* Sources */ = {
			isa = PBXSourcesBuildPhase;
			buildActionMask = 2147483647;
			files = (
				AE89C6EC1A109E4F00F3DAE3 /* GameDemoTests.swift in Sources */,
			);
			runOnlyForDeploymentPostprocessing = 0;
		};
/* End PBXSourcesBuildPhase section */

/* Begin PBXTargetDependency section */
		AE89C6E71A109E4F00F3DAE3 /* PBXTargetDependency */ = {
			isa = PBXTargetDependency;
			target = AE89C6CB1A109E4F00F3DAE3 /* GameDemo */;
			targetProxy = AE89C6E61A109E4F00F3DAE3 /* PBXContainerItemProxy */;
		};
/* End PBXTargetDependency section */

/* Begin PBXVariantGroup section */
		AE89C6D91A109E4F00F3DAE3 /* Main.storyboard */ = {
			isa = PBXVariantGroup;
			children = (
				AE89C6DA1A109E4F00F3DAE3 /* Base */,
			);
			name = Main.storyboard;
			sourceTree = "<group>";
		};
		AE89C6DE1A109E4F00F3DAE3 /* LaunchScreen.xib */ = {
			isa = PBXVariantGroup;
			children = (
				AE89C6DF1A109E4F00F3DAE3 /* Base */,
			);
			name = LaunchScreen.xib;
			sourceTree = "<group>";
		};
/* End PBXVariantGroup section */

/* Begin XCBuildConfiguration section */
		AE89C6ED1A109E4F00F3DAE3 /* Debug */ = {
			isa = XCBuildConfiguration;
			buildSettings = {
				ALWAYS_SEARCH_USER_PATHS = NO;
				CLANG_CXX_LANGUAGE_STANDARD = "gnu++0x";
				CLANG_CXX_LIBRARY = "libc++";
				CLANG_ENABLE_MODULES = YES;
				CLANG_ENABLE_OBJC_ARC = YES;
				CLANG_WARN_BOOL_CONVERSION = YES;
				CLANG_WARN_CONSTANT_CONVERSION = YES;
				CLANG_WARN_DIRECT_OBJC_ISA_USAGE = YES_ERROR;
				CLANG_WARN_EMPTY_BODY = YES;
				CLANG_WARN_ENUM_CONVERSION = YES;
				CLANG_WARN_INT_CONVERSION = YES;
				CLANG_WARN_OBJC_ROOT_CLASS = YES_ERROR;
				CLANG_WARN_UNREACHABLE_CODE = YES;
				CLANG_WARN__DUPLICATE_METHOD_MATCH = YES;
				"CODE_SIGN_IDENTITY[sdk=iphoneos*]" = "iPhone Developer";
				COPY_PHASE_STRIP = NO;
				ENABLE_STRICT_OBJC_MSGSEND = YES;
				GCC_C_LANGUAGE_STANDARD = gnu99;
				GCC_DYNAMIC_NO_PIC = NO;
				GCC_OPTIMIZATION_LEVEL = 0;
				GCC_PREPROCESSOR_DEFINITIONS = (
					"DEBUG=1",
					"$(inherited)",
				);
				GCC_SYMBOLS_PRIVATE_EXTERN = NO;
				GCC_WARN_64_TO_32_BIT_CONVERSION = YES;
				GCC_WARN_ABOUT_RETURN_TYPE = YES_ERROR;
				GCC_WARN_UNDECLARED_SELECTOR = YES;
				GCC_WARN_UNINITIALIZED_AUTOS = YES_AGGRESSIVE;
				GCC_WARN_UNUSED_FUNCTION = YES;
				GCC_WARN_UNUSED_VARIABLE = YES;
				IPHONEOS_DEPLOYMENT_TARGET = 8.0;
				MTL_ENABLE_DEBUG_INFO = YES;
				ONLY_ACTIVE_ARCH = YES;
				SDKROOT = iphoneos;
				SWIFT_OPTIMIZATION_LEVEL = "-Onone";
			};
			name = Debug;
		};
		AE89C6EE1A109E4F00F3DAE3 /* Release */ = {
			isa = XCBuildConfiguration;
			buildSettings = {
				ALWAYS_SEARCH_USER_PATHS = NO;
				CLANG_CXX_LANGUAGE_STANDARD = "gnu++0x";
				CLANG_CXX_LIBRARY = "libc++";
				CLANG_ENABLE_MODULES = YES;
				CLANG_ENABLE_OBJC_ARC = YES;
				CLANG_WARN_BOOL_CONVERSION = YES;
				CLANG_WARN_CONSTANT_CONVERSION = YES;
				CLANG_WARN_DIRECT_OBJC_ISA_USAGE = YES_ERROR;
				CLANG_WARN_EMPTY_BODY = YES;
				CLANG_WARN_ENUM_CONVERSION = YES;
				CLANG_WARN_INT_CONVERSION = YES;
				CLANG_WARN_OBJC_ROOT_CLASS = YES_ERROR;
				CLANG_WARN_UNREACHABLE_CODE = YES;
				CLANG_WARN__DUPLICATE_METHOD_MATCH = YES;
				"CODE_SIGN_IDENTITY[sdk=iphoneos*]" = "iPhone Developer";
				COPY_PHASE_STRIP = YES;
				ENABLE_NS_ASSERTIONS = NO;
				ENABLE_STRICT_OBJC_MSGSEND = YES;
				GCC_C_LANGUAGE_STANDARD = gnu99;
				GCC_WARN_64_TO_32_BIT_CONVERSION = YES;
				GCC_WARN_ABOUT_RETURN_TYPE = YES_ERROR;
				GCC_WARN_UNDECLARED_SELECTOR = YES;
				GCC_WARN_UNINITIALIZED_AUTOS = YES_AGGRESSIVE;
				GCC_WARN_UNUSED_FUNCTION = YES;
				GCC_WARN_UNUSED_VARIABLE = YES;
				IPHONEOS_DEPLOYMENT_TARGET = 8.0;
				MTL_ENABLE_DEBUG_INFO = NO;
				SDKROOT = iphoneos;
				VALIDATE_PRODUCT = YES;
			};
			name = Release;
		};
		AE89C6F01A109E4F00F3DAE3 /* Debug */ = {
			isa = XCBuildConfiguration;
			buildSettings = {
				ASSETCATALOG_COMPILER_APPICON_NAME = AppIcon;
				INFOPLIST_FILE = GameDemo/Info.plist;
				LD_RUNPATH_SEARCH_PATHS = "$(inherited) @executable_path/Frameworks";
				PRODUCT_NAME = "$(TARGET_NAME)";
			};
			name = Debug;
		};
		AE89C6F11A109E4F00F3DAE3 /* Release */ = {
			isa = XCBuildConfiguration;
			buildSettings = {
				ASSETCATALOG_COMPILER_APPICON_NAME = AppIcon;
				INFOPLIST_FILE = GameDemo/Info.plist;
				LD_RUNPATH_SEARCH_PATHS = "$(inherited) @executable_path/Frameworks";
				PRODUCT_NAME = "$(TARGET_NAME)";
			};
			name = Release;
		};
		AE89C6F31A109E4F00F3DAE3 /* Debug */ = {
			isa = XCBuildConfiguration;
			buildSettings = {
				BUNDLE_LOADER = "$(TEST_HOST)";
				FRAMEWORK_SEARCH_PATHS = (
					"$(SDKROOT)/Developer/Library/Frameworks",
					"$(inherited)",
				);
				GCC_PREPROCESSOR_DEFINITIONS = (
					"DEBUG=1",
					"$(inherited)",
				);
				INFOPLIST_FILE = GameDemoTests/Info.plist;
				LD_RUNPATH_SEARCH_PATHS = "$(inherited) @executable_path/Frameworks @loader_path/Frameworks";
				PRODUCT_NAME = "$(TARGET_NAME)";
				TEST_HOST = "$(BUILT_PRODUCTS_DIR)/GameDemo.app/GameDemo";
			};
			name = Debug;
		};
		AE89C6F41A109E4F00F3DAE3 /* Release */ = {
			isa = XCBuildConfiguration;
			buildSettings = {
				BUNDLE_LOADER = "$(TEST_HOST)";
				FRAMEWORK_SEARCH_PATHS = (
					"$(SDKROOT)/Developer/Library/Frameworks",
					"$(inherited)",
				);
				INFOPLIST_FILE = GameDemoTests/Info.plist;
				LD_RUNPATH_SEARCH_PATHS = "$(inherited) @executable_path/Frameworks @loader_path/Frameworks";
				PRODUCT_NAME = "$(TARGET_NAME)";
				TEST_HOST = "$(BUILT_PRODUCTS_DIR)/GameDemo.app/GameDemo";
			};
			name = Release;
		};
/* End XCBuildConfiguration section */

/* Begin XCConfigurationList section */
		AE89C6C71A109E4F00F3DAE3 /* Build configuration list for PBXProject "GameDemo" */ = {
			isa = XCConfigurationList;
			buildConfigurations = (
				AE89C6ED1A109E4F00F3DAE3 /* Debug */,
				AE89C6EE1A109E4F00F3DAE3 /* Release */,
			);
			defaultConfigurationIsVisible = 0;
			defaultConfigurationName = Release;
		};
		AE89C6EF1A109E4F00F3DAE3 /* Build configuration list for PBXNativeTarget "GameDemo" */ = {
			isa = XCConfigurationList;
			buildConfigurations = (
				AE89C6F01A109E4F00F3DAE3 /* Debug */,
				AE89C6F11A109E4F00F3DAE3 /* Release */,
			);
			defaultConfigurationIsVisible = 0;
		};
		AE89C6F21A109E4F00F3DAE3 /* Build configuration list for PBXNativeTarget "GameDemoTests" */ = {
			isa = XCConfigurationList;
			buildConfigurations = (
				AE89C6F31A109E4F00F3DAE3 /* Debug */,
				AE89C6F41A109E4F00F3DAE3 /* Release */,
			);
			defaultConfigurationIsVisible = 0;
		};
/* End XCConfigurationList section */
	};
	rootObject = AE89C6C41A109E4F00F3DAE3 /* Project object */;
}
